
Microsoft Visual Studio Solution File, Format Version 12.00
# Visual Studio 15
VisualStudioVersion = 15.0.28307.960
MinimumVisualStudioVersion = 10.0.40219.1
Project("{FAE04EC0-301F-11D3-BF4B-00C04F79EFBC}") = "LanguagePartner", "LanguagePartner\LanguagePartner.csproj", "{8E736AD6-E800-4A15-AFE7-D583EB939FE5}"
EndProject
Global
	GlobalSection(SolutionConfigurationPlatforms) = preSolution
		Debug|Any CPU = Debug|Any CPU
		Release|Any CPU = Release|Any CPU
	EndGlobalSection
	GlobalSection(ProjectConfigurationPlatforms) = postSolution
		{8E736AD6-E800-4A15-AFE7-D583EB939FE5}.Debug|Any CPU.ActiveCfg = Debug|Any CPU
		{8E736AD6-E800-4A15-AFE7-D583EB939FE5}.Debug|Any CPU.Build.0 = Debug|Any CPU
		{8E736AD6-E800-4A15-AFE7-D583EB939FE5}.Release|Any CPU.ActiveCfg = Release|Any CPU
		{8E736AD6-E800-4A15-AFE7-D583EB939FE5}.Release|Any CPU.Build.0 = Release|Any CPU
	EndGlobalSection
	GlobalSection(SolutionProperties) = preSolution
		HideSolutionNode = FALSE
	EndGlobalSection
	GlobalSection(ExtensibilityGlobals) = postSolution
		SolutionGuid = {B2CAE213-F7C7-4966-BE1F-E7A13C62C78F}
	EndGlobalSection
EndGlobal
